
Microsoft Visual Studio Solution File, Format Version 12.00
# Visual Studio Version 17
VisualStudioVersion = 17.3.32929.385
MinimumVisualStudioVersion = 10.0.40219.1
Project("{FAE04EC0-301F-11D3-BF4B-00C04F79EFBC}") = "Crowdsourcing", "Crowdsourcing\Crowdsourcing.csproj", "{F7D404FB-0A2F-408A-82FC-56BFAECC2114}"
EndProject
Project("{FAE04EC0-301F-11D3-BF4B-00C04F79EFBC}") = "Crowdsourcing.BL", "Crowdsourcing.BL\Crowdsourcing.BL.csproj", "{52C332AD-DBA0-43EB-9BE1-F25FF01F409E}"
EndProject
Project("{FAE04EC0-301F-11D3-BF4B-00C04F79EFBC}") = "Crowdsourcing.DL", "Crowdsourcing.DL\Crowdsourcing.DL.csproj", "{D55AEFCE-5A48-46FF-BA6D-0FD6BA6F015C}"
EndProject
Global
	GlobalSection(SolutionConfigurationPlatforms) = preSolution
		Debug|Any CPU = Debug|Any CPU
		Release|Any CPU = Release|Any CPU
	EndGlobalSection
	GlobalSection(ProjectConfigurationPlatforms) = postSolution
		{F7D404FB-0A2F-408A-82FC-56BFAECC2114}.Debug|Any CPU.ActiveCfg = Debug|Any CPU
		{F7D404FB-0A2F-408A-82FC-56BFAECC2114}.Debug|Any CPU.Build.0 = Debug|Any CPU
		{F7D404FB-0A2F-408A-82FC-56BFAECC2114}.Release|Any CPU.ActiveCfg = Release|Any CPU
		{F7D404FB-0A2F-408A-82FC-56BFAECC2114}.Release|Any CPU.Build.0 = Release|Any CPU
		{52C332AD-DBA0-43EB-9BE1-F25FF01F409E}.Debug|Any CPU.ActiveCfg = Debug|Any CPU
		{52C332AD-DBA0-43EB-9BE1-F25FF01F409E}.Debug|Any CPU.Build.0 = Debug|Any CPU
		{52C332AD-DBA0-43EB-9BE1-F25FF01F409E}.Release|Any CPU.ActiveCfg = Release|Any CPU
		{52C332AD-DBA0-43EB-9BE1-F25FF01F409E}.Release|Any CPU.Build.0 = Release|Any CPU
		{D55AEFCE-5A48-46FF-BA6D-0FD6BA6F015C}.Debug|Any CPU.ActiveCfg = Debug|Any CPU
		{D55AEFCE-5A48-46FF-BA6D-0FD6BA6F015C}.Debug|Any CPU.Build.0 = Debug|Any CPU
		{D55AEFCE-5A48-46FF-BA6D-0FD6BA6F015C}.Release|Any CPU.ActiveCfg = Release|Any CPU
		{D55AEFCE-5A48-46FF-BA6D-0FD6BA6F015C}.Release|Any CPU.Build.0 = Release|Any CPU
	EndGlobalSection
	GlobalSection(SolutionProperties) = preSolution
		HideSolutionNode = FALSE
	EndGlobalSection
	GlobalSection(ExtensibilityGlobals) = postSolution
		SolutionGuid = {9FB4102E-DEAD-4B62-BBAE-6111C926FD0E}
	EndGlobalSection
EndGlobal
